
Microsoft Visual Studio Solution File, Format Version 12.00
# Visual Studio 15
VisualStudioVersion = 15.0.28010.2026
MinimumVisualStudioVersion = 10.0.40219.1
Project("{FAE04EC0-301F-11D3-BF4B-00C04F79EFBC}") = "ChangeBackgroundTest", "ChangeBackgroundTest\ChangeBackgroundTest.csproj", "{84DB95D2-1F0F-408C-B243-7AF128AEAACC}"
EndProject
Global
	GlobalSection(SolutionConfigurationPlatforms) = preSolution
		Debug|ARM = Debug|ARM
		Debug|x64 = Debug|x64
		Debug|x86 = Debug|x86
		Release|ARM = Release|ARM
		Release|x64 = Release|x64
		Release|x86 = Release|x86
	EndGlobalSection
	GlobalSection(ProjectConfigurationPlatforms) = postSolution
		{84DB95D2-1F0F-408C-B243-7AF128AEAACC}.Debug|ARM.ActiveCfg = Debug|ARM
		{84DB95D2-1F0F-408C-B243-7AF128AEAACC}.Debug|ARM.Build.0 = Debug|ARM
		{84DB95D2-1F0F-408C-B243-7AF128AEAACC}.Debug|ARM.Deploy.0 = Debug|ARM
		{84DB95D2-1F0F-408C-B243-7AF128AEAACC}.Debug|x64.ActiveCfg = Debug|x64
		{84DB95D2-1F0F-408C-B243-7AF128AEAACC}.Debug|x64.Build.0 = Debug|x64
		{84DB95D2-1F0F-408C-B243-7AF128AEAACC}.Debug|x64.Deploy.0 = Debug|x64
		{84DB95D2-1F0F-408C-B243-7AF128AEAACC}.Debug|x86.ActiveCfg = Debug|x86
		{84DB95D2-1F0F-408C-B243-7AF128AEAACC}.Debug|x86.Build.0 = Debug|x86
		{84DB95D2-1F0F-408C-B243-7AF128AEAACC}.Debug|x86.Deploy.0 = Debug|x86
		{84DB95D2-1F0F-408C-B243-7AF128AEAACC}.Release|ARM.ActiveCfg = Release|ARM
		{84DB95D2-1F0F-408C-B243-7AF128AEAACC}.Release|ARM.Build.0 = Release|ARM
		{84DB95D2-1F0F-408C-B243-7AF128AEAACC}.Release|ARM.Deploy.0 = Release|ARM
		{84DB95D2-1F0F-408C-B243-7AF128AEAACC}.Release|x64.ActiveCfg = Release|x64
		{84DB95D2-1F0F-408C-B243-7AF128AEAACC}.Release|x64.Build.0 = Release|x64
		{84DB95D2-1F0F-408C-B243-7AF128AEAACC}.Release|x64.Deploy.0 = Release|x64
		{84DB95D2-1F0F-408C-B243-7AF128AEAACC}.Release|x86.ActiveCfg = Release|x86
		{84DB95D2-1F0F-408C-B243-7AF128AEAACC}.Release|x86.Build.0 = Release|x86
		{84DB95D2-1F0F-408C-B243-7AF128AEAACC}.Release|x86.Deploy.0 = Release|x86
	EndGlobalSection
	GlobalSection(SolutionProperties) = preSolution
		HideSolutionNode = FALSE
	EndGlobalSection
	GlobalSection(ExtensibilityGlobals) = postSolution
		SolutionGuid = {2E4A33EB-98D3-4BAB-8618-3D515292EA7E}
	EndGlobalSection
EndGlobal
